// !$*UTF8*$!
{
	archiveVersion = 1;
	classes = {
	};
	objectVersion = 55;
	objects = {

/* Begin PBXBuildFile section */
		D7692E4828615E82008336C8 /* SpaColorsListView.swift in Sources */ = {isa = PBXBuildFile; fileRef = D7692E4728615E82008336C8 /* SpaColorsListView.swift */; };
		D7692E4A28615EA9008336C8 /* AddColorListView.swift in Sources */ = {isa = PBXBuildFile; fileRef = D7692E4928615EA9008336C8 /* AddColorListView.swift */; };
		D7692E4C286161F7008336C8 /* ToggleCheckboxStyle.swift in Sources */ = {isa = PBXBuildFile; fileRef = D7692E4B286161F7008336C8 /* ToggleCheckboxStyle.swift */; };
		D7692E4E28616298008336C8 /* MySpaColorsListView.swift in Sources */ = {isa = PBXBuildFile; fileRef = D7692E4D28616298008336C8 /* MySpaColorsListView.swift */; };
		D7692E50286162CC008336C8 /* MySpaColorsViewModel.swift in Sources */ = {isa = PBXBuildFile; fileRef = D7692E4F286162CC008336C8 /* MySpaColorsViewModel.swift */; };
		D78E5662285F65230076BE5D /* CP_Ink_SelectorApp.swift in Sources */ = {isa = PBXBuildFile; fileRef = D78E5661285F65230076BE5D /* CP_Ink_SelectorApp.swift */; };
		D78E5664285F65230076BE5D /* ContentView.swift in Sources */ = {isa = PBXBuildFile; fileRef = D78E5663285F65230076BE5D /* ContentView.swift */; };
		D78E5666285F65250076BE5D /* Assets.xcassets in Resources */ = {isa = PBXBuildFile; fileRef = D78E5665285F65250076BE5D /* Assets.xcassets */; };
		D78E5669285F65250076BE5D /* Preview Assets.xcassets in Resources */ = {isa = PBXBuildFile; fileRef = D78E5668285F65250076BE5D /* Preview Assets.xcassets */; };
		D78E5670285F657A0076BE5D /* JsonParseUtility.swift in Sources */ = {isa = PBXBuildFile; fileRef = D78E566F285F657A0076BE5D /* JsonParseUtility.swift */; };
		D78E5672285F659D0076BE5D /* CPInkColor.swift in Sources */ = {isa = PBXBuildFile; fileRef = D78E5671285F659D0076BE5D /* CPInkColor.swift */; };
		D78E5674285F68E80076BE5D /* cpinks.json in Resources */ = {isa = PBXBuildFile; fileRef = D78E5673285F68E80076BE5D /* cpinks.json */; };
		D78E5676285F6AE20076BE5D /* CPInkViewModel.swift in Sources */ = {isa = PBXBuildFile; fileRef = D78E5675285F6AE20076BE5D /* CPInkViewModel.swift */; };
		D78E5678285F74080076BE5D /* CardView.swift in Sources */ = {isa = PBXBuildFile; fileRef = D78E5677285F74080076BE5D /* CardView.swift */; };
		D78E567A285FD3090076BE5D /* ColorListView.swift in Sources */ = {isa = PBXBuildFile; fileRef = D78E5679285FD3080076BE5D /* ColorListView.swift */; };
/* End PBXBuildFile section */

/* Begin PBXFileReference section */
		D7692E4728615E82008336C8 /* SpaColorsListView.swift */ = {isa = PBXFileReference; lastKnownFileType = sourcecode.swift; path = SpaColorsListView.swift; sourceTree = "<group>"; };
		D7692E4928615EA9008336C8 /* AddColorListView.swift */ = {isa = PBXFileReference; lastKnownFileType = sourcecode.swift; path = AddColorListView.swift; sourceTree = "<group>"; };
		D7692E4B286161F7008336C8 /* ToggleCheckboxStyle.swift */ = {isa = PBXFileReference; lastKnownFileType = sourcecode.swift; path = ToggleCheckboxStyle.swift; sourceTree = "<group>"; };
		D7692E4D28616298008336C8 /* MySpaColorsListView.swift */ = {isa = PBXFileReference; lastKnownFileType = sourcecode.swift; path = MySpaColorsListView.swift; sourceTree = "<group>"; };
		D7692E4F286162CC008336C8 /* MySpaColorsViewModel.swift */ = {isa = PBXFileReference; lastKnownFileType = sourcecode.swift; path = MySpaColorsViewModel.swift; sourceTree = "<group>"; };
		D78E565E285F65230076BE5D /* CP Ink Selector.app */ = {isa = PBXFileReference; explicitFileType = wrapper.application; includeInIndex = 0; path = "CP Ink Selector.app"; sourceTree = BUILT_PRODUCTS_DIR; };
		D78E5661285F65230076BE5D /* CP_Ink_SelectorApp.swift */ = {isa = PBXFileReference; lastKnownFileType = sourcecode.swift; path = CP_Ink_SelectorApp.swift; sourceTree = "<group>"; };
		D78E5663285F65230076BE5D /* ContentView.swift */ = {isa = PBXFileReference; lastKnownFileType = sourcecode.swift; path = ContentView.swift; sourceTree = "<group>"; };
		D78E5665285F65250076BE5D /* Assets.xcassets */ = {isa = PBXFileReference; lastKnownFileType = folder.assetcatalog; path = Assets.xcassets; sourceTree = "<group>"; };
		D78E5668285F65250076BE5D /* Preview Assets.xcassets */ = {isa = PBXFileReference; lastKnownFileType = folder.assetcatalog; path = "Preview Assets.xcassets"; sourceTree = "<group>"; };
		D78E566F285F657A0076BE5D /* JsonParseUtility.swift */ = {isa = PBXFileReference; fileEncoding = 4; lastKnownFileType = sourcecode.swift; path = JsonParseUtility.swift; sourceTree = "<group>"; };
		D78E5671285F659D0076BE5D /* CPInkColor.swift */ = {isa = PBXFileReference; lastKnownFileType = sourcecode.swift; path = CPInkColor.swift; sourceTree = "<group>"; };
		D78E5673285F68E80076BE5D /* cpinks.json */ = {isa = PBXFileReference; fileEncoding = 4; lastKnownFileType = text.json; path = cpinks.json; sourceTree = "<group>"; };
		D78E5675285F6AE20076BE5D /* CPInkViewModel.swift */ = {isa = PBXFileReference; lastKnownFileType = sourcecode.swift; path = CPInkViewModel.swift; sourceTree = "<group>"; };
		D78E5677285F74080076BE5D /* CardView.swift */ = {isa = PBXFileReference; fileEncoding = 4; lastKnownFileType = sourcecode.swift; path = CardView.swift; sourceTree = "<group>"; };
		D78E5679285FD3080076BE5D /* ColorListView.swift */ = {isa = PBXFileReference; lastKnownFileType = sourcecode.swift; path = ColorListView.swift; sourceTree = "<group>"; };
/* End PBXFileReference section */

/* Begin PBXFrameworksBuildPhase section */
		D78E565B285F65230076BE5D /* Frameworks */ = {
			isa = PBXFrameworksBuildPhase;
			buildActionMask = 2147483647;
			files = (
			);
			runOnlyForDeploymentPostprocessing = 0;
		};
/* End PBXFrameworksBuildPhase section */

/* Begin PBXGroup section */
		D7692E4328615DFF008336C8 /* View */ = {
			isa = PBXGroup;
			children = (
				D7692E51286163EA008336C8 /* Common */,
				D78E5663285F65230076BE5D /* ContentView.swift */,
				D78E5679285FD3080076BE5D /* ColorListView.swift */,
				D7692E4728615E82008336C8 /* SpaColorsListView.swift */,
				D7692E4928615EA9008336C8 /* AddColorListView.swift */,
				D7692E4D28616298008336C8 /* MySpaColorsListView.swift */,
			);
			path = View;
			sourceTree = "<group>";
		};
		D7692E4428615E16008336C8 /* ViewModel */ = {
			isa = PBXGroup;
			children = (
				D78E5675285F6AE20076BE5D /* CPInkViewModel.swift */,
				D7692E4F286162CC008336C8 /* MySpaColorsViewModel.swift */,
			);
			path = ViewModel;
			sourceTree = "<group>";
		};
		D7692E4528615E2E008336C8 /* Model */ = {
			isa = PBXGroup;
			children = (
				D78E5671285F659D0076BE5D /* CPInkColor.swift */,
			);
			path = Model;
			sourceTree = "<group>";
		};
		D7692E4628615E3B008336C8 /* Utils */ = {
			isa = PBXGroup;
			children = (
				D78E566F285F657A0076BE5D /* JsonParseUtility.swift */,
			);
			path = Utils;
			sourceTree = "<group>";
		};
		D7692E51286163EA008336C8 /* Common */ = {
			isa = PBXGroup;
			children = (
				D7692E4B286161F7008336C8 /* ToggleCheckboxStyle.swift */,
				D78E5677285F74080076BE5D /* CardView.swift */,
			);
			path = Common;
			sourceTree = "<group>";
		};
		D78E5655285F65230076BE5D = {
			isa = PBXGroup;
			children = (
				D78E5660285F65230076BE5D /* CP Ink Selector */,
				D78E565F285F65230076BE5D /* Products */,
			);
			sourceTree = "<group>";
		};
		D78E565F285F65230076BE5D /* Products */ = {
			isa = PBXGroup;
			children = (
				D78E565E285F65230076BE5D /* CP Ink Selector.app */,
			);
			name = Products;
			sourceTree = "<group>";
		};
		D78E5660285F65230076BE5D /* CP Ink Selector */ = {
			isa = PBXGroup;
			children = (
				D7692E4528615E2E008336C8 /* Model */,
				D7692E4428615E16008336C8 /* ViewModel */,
				D7692E4328615DFF008336C8 /* View */,
				D7692E4628615E3B008336C8 /* Utils */,
				D78E5661285F65230076BE5D /* CP_Ink_SelectorApp.swift */,
				D78E5673285F68E80076BE5D /* cpinks.json */,
				D78E5665285F65250076BE5D /* Assets.xcassets */,
				D78E5667285F65250076BE5D /* Preview Content */,
			);
			path = "CP Ink Selector";
			sourceTree = "<group>";
		};
		D78E5667285F65250076BE5D /* Preview Content */ = {
			isa = PBXGroup;
			children = (
				D78E5668285F65250076BE5D /* Preview Assets.xcassets */,
			);
			path = "Preview Content";
			sourceTree = "<group>";
		};
/* End PBXGroup section */

/* Begin PBXNativeTarget section */
		D78E565D285F65230076BE5D /* CP Ink Selector */ = {
			isa = PBXNativeTarget;
			buildConfigurationList = D78E566C285F65250076BE5D /* Build configuration list for PBXNativeTarget "CP Ink Selector" */;
			buildPhases = (
				D78E565A285F65230076BE5D /* Sources */,
				D78E565B285F65230076BE5D /* Frameworks */,
				D78E565C285F65230076BE5D /* Resources */,
			);
			buildRules = (
			);
			dependencies = (
			);
			name = "CP Ink Selector";
			productName = "CP Ink Selector";
			productReference = D78E565E285F65230076BE5D /* CP Ink Selector.app */;
			productType = "com.apple.product-type.application";
		};
/* End PBXNativeTarget section */

/* Begin PBXProject section */
		D78E5656285F65230076BE5D /* Project object */ = {
			isa = PBXProject;
			attributes = {
				BuildIndependentTargetsInParallel = 1;
				LastSwiftUpdateCheck = 1340;
				LastUpgradeCheck = 1340;
				TargetAttributes = {
					D78E565D285F65230076BE5D = {
						CreatedOnToolsVersion = 13.4.1;
					};
				};
			};
			buildConfigurationList = D78E5659285F65230076BE5D /* Build configuration list for PBXProject "CP Ink Selector" */;
			compatibilityVersion = "Xcode 13.0";
			developmentRegion = en;
			hasScannedForEncodings = 0;
			knownRegions = (
				en,
				Base,
			);
			mainGroup = D78E5655285F65230076BE5D;
			productRefGroup = D78E565F285F65230076BE5D /* Products */;
			projectDirPath = "";
			projectRoot = "";
			targets = (
				D78E565D285F65230076BE5D /* CP Ink Selector */,
			);
		};
/* End PBXProject section */

/* Begin PBXResourcesBuildPhase section */
		D78E565C285F65230076BE5D /* Resources */ = {
			isa = PBXResourcesBuildPhase;
			buildActionMask = 2147483647;
			files = (
				D78E5669285F65250076BE5D /* Preview Assets.xcassets in Resources */,
				D78E5666285F65250076BE5D /* Assets.xcassets in Resources */,
				D78E5674285F68E80076BE5D /* cpinks.json in Resources */,
			);
			runOnlyForDeploymentPostprocessing = 0;
		};
/* End PBXResourcesBuildPhase section */

/* Begin PBXSourcesBuildPhase section */
		D78E565A285F65230076BE5D /* Sources */ = {
			isa = PBXSourcesBuildPhase;
			buildActionMask = 2147483647;
			files = (
				D7692E50286162CC008336C8 /* MySpaColorsViewModel.swift in Sources */,
				D78E5664285F65230076BE5D /* ContentView.swift in Sources */,
				D78E5670285F657A0076BE5D /* JsonParseUtility.swift in Sources */,
				D7692E4A28615EA9008336C8 /* AddColorListView.swift in Sources */,
				D7692E4C286161F7008336C8 /* ToggleCheckboxStyle.swift in Sources */,
				D78E5662285F65230076BE5D /* CP_Ink_SelectorApp.swift in Sources */,
				D78E5672285F659D0076BE5D /* CPInkColor.swift in Sources */,
				D7692E4828615E82008336C8 /* SpaColorsListView.swift in Sources */,
				D7692E4E28616298008336C8 /* MySpaColorsListView.swift in Sources */,
				D78E5678285F74080076BE5D /* CardView.swift in Sources */,
				D78E5676285F6AE20076BE5D /* CPInkViewModel.swift in Sources */,
				D78E567A285FD3090076BE5D /* ColorListView.swift in Sources */,
			);
			runOnlyForDeploymentPostprocessing = 0;
		};
/* End PBXSourcesBuildPhase section */

/* Begin XCBuildConfiguration section */
		D78E566A285F65250076BE5D /* Debug */ = {
			isa = XCBuildConfiguration;
			buildSettings = {
				ALWAYS_SEARCH_USER_PATHS = NO;
				CLANG_ANALYZER_NONNULL = YES;
				CLANG_ANALYZER_NUMBER_OBJECT_CONVERSION = YES_AGGRESSIVE;
				CLANG_CXX_LANGUAGE_STANDARD = "gnu++17";
				CLANG_ENABLE_MODULES = YES;
				CLANG_ENABLE_OBJC_ARC = YES;
				CLANG_ENABLE_OBJC_WEAK = YES;
				CLANG_WARN_BLOCK_CAPTURE_AUTORELEASING = YES;
				CLANG_WARN_BOOL_CONVERSION = YES;
				CLANG_WARN_COMMA = YES;
				CLANG_WARN_CONSTANT_CONVERSION = YES;
				CLANG_WARN_DEPRECATED_OBJC_IMPLEMENTATIONS = YES;
				CLANG_WARN_DIRECT_OBJC_ISA_USAGE = YES_ERROR;
				CLANG_WARN_DOCUMENTATION_COMMENTS = YES;
				CLANG_WARN_EMPTY_BODY = YES;
				CLANG_WARN_ENUM_CONVERSION = YES;
				CLANG_WARN_INFINITE_RECURSION = YES;
				CLANG_WARN_INT_CONVERSION = YES;
				CLANG_WARN_NON_LITERAL_NULL_CONVERSION = YES;
				CLANG_WARN_OBJC_IMPLICIT_RETAIN_SELF = YES;
				CLANG_WARN_OBJC_LITERAL_CONVERSION = YES;
				CLANG_WARN_OBJC_ROOT_CLASS = YES_ERROR;
				CLANG_WARN_QUOTED_INCLUDE_IN_FRAMEWORK_HEADER = YES;
				CLANG_WARN_RANGE_LOOP_ANALYSIS = YES;
				CLANG_WARN_STRICT_PROTOTYPES = YES;
				CLANG_WARN_SUSPICIOUS_MOVE = YES;
				CLANG_WARN_UNGUARDED_AVAILABILITY = YES_AGGRESSIVE;
				CLANG_WARN_UNREACHABLE_CODE = YES;
				CLANG_WARN__DUPLICATE_METHOD_MATCH = YES;
				COPY_PHASE_STRIP = NO;
				DEBUG_INFORMATION_FORMAT = dwarf;
				ENABLE_STRICT_OBJC_MSGSEND = YES;
				ENABLE_TESTABILITY = YES;
				GCC_C_LANGUAGE_STANDARD = gnu11;
				GCC_DYNAMIC_NO_PIC = NO;
				GCC_NO_COMMON_BLOCKS = YES;
				GCC_OPTIMIZATION_LEVEL = 0;
				GCC_PREPROCESSOR_DEFINITIONS = (
					"DEBUG=1",
					"$(inherited)",
				);
				GCC_WARN_64_TO_32_BIT_CONVERSION = YES;
				GCC_WARN_ABOUT_RETURN_TYPE = YES_ERROR;
				GCC_WARN_UNDECLARED_SELECTOR = YES;
				GCC_WARN_UNINITIALIZED_AUTOS = YES_AGGRESSIVE;
				GCC_WARN_UNUSED_FUNCTION = YES;
				GCC_WARN_UNUSED_VARIABLE = YES;
				IPHONEOS_DEPLOYMENT_TARGET = 15.5;
				MTL_ENABLE_DEBUG_INFO = INCLUDE_SOURCE;
				MTL_FAST_MATH = YES;
				ONLY_ACTIVE_ARCH = YES;
				SDKROOT = iphoneos;
				SWIFT_ACTIVE_COMPILATION_CONDITIONS = DEBUG;
				SWIFT_OPTIMIZATION_LEVEL = "-Onone";
			};
			name = Debug;
		};
		D78E566B285F65250076BE5D /* Release */ = {
			isa = XCBuildConfiguration;
			buildSettings = {
				ALWAYS_SEARCH_USER_PATHS = NO;
				CLANG_ANALYZER_NONNULL = YES;
				CLANG_ANALYZER_NUMBER_OBJECT_CONVERSION = YES_AGGRESSIVE;
				CLANG_CXX_LANGUAGE_STANDARD = "gnu++17";
				CLANG_ENABLE_MODULES = YES;
				CLANG_ENABLE_OBJC_ARC = YES;
				CLANG_ENABLE_OBJC_WEAK = YES;
				CLANG_WARN_BLOCK_CAPTURE_AUTORELEASING = YES;
				CLANG_WARN_BOOL_CONVERSION = YES;
				CLANG_WARN_COMMA = YES;
				CLANG_WARN_CONSTANT_CONVERSION = YES;
				CLANG_WARN_DEPRECATED_OBJC_IMPLEMENTATIONS = YES;
				CLANG_WARN_DIRECT_OBJC_ISA_USAGE = YES_ERROR;
				CLANG_WARN_DOCUMENTATION_COMMENTS = YES;
				CLANG_WARN_EMPTY_BODY = YES;
				CLANG_WARN_ENUM_CONVERSION = YES;
				CLANG_WARN_INFINITE_RECURSION = YES;
				CLANG_WARN_INT_CONVERSION = YES;
				CLANG_WARN_NON_LITERAL_NULL_CONVERSION = YES;
				CLANG_WARN_OBJC_IMPLICIT_RETAIN_SELF = YES;
				CLANG_WARN_OBJC_LITERAL_CONVERSION = YES;
				CLANG_WARN_OBJC_ROOT_CLASS = YES_ERROR;
				CLANG_WARN_QUOTED_INCLUDE_IN_FRAMEWORK_HEADER = YES;
				CLANG_WARN_RANGE_LOOP_ANALYSIS = YES;
				CLANG_WARN_STRICT_PROTOTYPES = YES;
				CLANG_WARN_SUSPICIOUS_MOVE = YES;
				CLANG_WARN_UNGUARDED_AVAILABILITY = YES_AGGRESSIVE;
				CLANG_WARN_UNREACHABLE_CODE = YES;
				CLANG_WARN__DUPLICATE_METHOD_MATCH = YES;
				COPY_PHASE_STRIP = NO;
				DEBUG_INFORMATION_FORMAT = "dwarf-with-dsym";
				ENABLE_NS_ASSERTIONS = NO;
				ENABLE_STRICT_OBJC_MSGSEND = YES;
				GCC_C_LANGUAGE_STANDARD = gnu11;
				GCC_NO_COMMON_BLOCKS = YES;
				GCC_WARN_64_TO_32_BIT_CONVERSION = YES;
				GCC_WARN_ABOUT_RETURN_TYPE = YES_ERROR;
				GCC_WARN_UNDECLARED_SELECTOR = YES;
				GCC_WARN_UNINITIALIZED_AUTOS = YES_AGGRESSIVE;
				GCC_WARN_UNUSED_FUNCTION = YES;
				GCC_WARN_UNUSED_VARIABLE = YES;
				IPHONEOS_DEPLOYMENT_TARGET = 15.5;
				MTL_ENABLE_DEBUG_INFO = NO;
				MTL_FAST_MATH = YES;
				SDKROOT = iphoneos;
				SWIFT_COMPILATION_MODE = wholemodule;
				SWIFT_OPTIMIZATION_LEVEL = "-O";
				VALIDATE_PRODUCT = YES;
			};
			name = Release;
		};
		D78E566D285F65250076BE5D /* Debug */ = {
			isa = XCBuildConfiguration;
			buildSettings = {
				ASSETCATALOG_COMPILER_APPICON_NAME = AppIcon;
				ASSETCATALOG_COMPILER_GLOBAL_ACCENT_COLOR_NAME = AccentColor;
				CODE_SIGN_STYLE = Automatic;
				CURRENT_PROJECT_VERSION = 1;
				DEVELOPMENT_ASSET_PATHS = "\"CP Ink Selector/Preview Content\"";
				DEVELOPMENT_TEAM = 765G848Q7R;
				ENABLE_PREVIEWS = YES;
				GENERATE_INFOPLIST_FILE = YES;
				INFOPLIST_KEY_UIApplicationSceneManifest_Generation = YES;
				INFOPLIST_KEY_UIApplicationSupportsIndirectInputEvents = YES;
				INFOPLIST_KEY_UILaunchScreen_Generation = YES;
				INFOPLIST_KEY_UISupportedInterfaceOrientations_iPad = "UIInterfaceOrientationPortrait UIInterfaceOrientationPortraitUpsideDown UIInterfaceOrientationLandscapeLeft UIInterfaceOrientationLandscapeRight";
				INFOPLIST_KEY_UISupportedInterfaceOrientations_iPhone = "UIInterfaceOrientationPortrait UIInterfaceOrientationLandscapeLeft UIInterfaceOrientationLandscapeRight";
				LD_RUNPATH_SEARCH_PATHS = (
					"$(inherited)",
					"@executable_path/Frameworks",
				);
				MARKETING_VERSION = 1.0;
				PRODUCT_BUNDLE_IDENTIFIER = "com.laurellregan.CP-Ink-Selector";
				PRODUCT_NAME = "$(TARGET_NAME)";
				SWIFT_EMIT_LOC_STRINGS = YES;
				SWIFT_VERSION = 5.0;
				TARGETED_DEVICE_FAMILY = "1,2";
			};
			name = Debug;
		};
		D78E566E285F65250076BE5D /* Release */ = {
			isa = XCBuildConfiguration;
			buildSettings = {
				ASSETCATALOG_COMPILER_APPICON_NAME = AppIcon;
				ASSETCATALOG_COMPILER_GLOBAL_ACCENT_COLOR_NAME = AccentColor;
				CODE_SIGN_STYLE = Automatic;
				CURRENT_PROJECT_VERSION = 1;
				DEVELOPMENT_ASSET_PATHS = "\"CP Ink Selector/Preview Content\"";
				DEVELOPMENT_TEAM = 765G848Q7R;
				ENABLE_PREVIEWS = YES;
				GENERATE_INFOPLIST_FILE = YES;
				INFOPLIST_KEY_UIApplicationSceneManifest_Generation = YES;
				INFOPLIST_KEY_UIApplicationSupportsIndirectInputEvents = YES;
				INFOPLIST_KEY_UILaunchScreen_Generation = YES;
				INFOPLIST_KEY_UISupportedInterfaceOrientations_iPad = "UIInterfaceOrientationPortrait UIInterfaceOrientationPortraitUpsideDown UIInterfaceOrientationLandscapeLeft UIInterfaceOrientationLandscapeRight";
				INFOPLIST_KEY_UISupportedInterfaceOrientations_iPhone = "UIInterfaceOrientationPortrait UIInterfaceOrientationLandscapeLeft UIInterfaceOrientationLandscapeRight";
				LD_RUNPATH_SEARCH_PATHS = (
					"$(inherited)",
					"@executable_path/Frameworks",
				);
				MARKETING_VERSION = 1.0;
				PRODUCT_BUNDLE_IDENTIFIER = "com.laurellregan.CP-Ink-Selector";
				PRODUCT_NAME = "$(TARGET_NAME)";
				SWIFT_EMIT_LOC_STRINGS = YES;
				SWIFT_VERSION = 5.0;
				TARGETED_DEVICE_FAMILY = "1,2";
			};
			name = Release;
		};
/* End XCBuildConfiguration section */

/* Begin XCConfigurationList section */
		D78E5659285F65230076BE5D /* Build configuration list for PBXProject "CP Ink Selector" */ = {
			isa = XCConfigurationList;
			buildConfigurations = (
				D78E566A285F65250076BE5D /* Debug */,
				D78E566B285F65250076BE5D /* Release */,
			);
			defaultConfigurationIsVisible = 0;
			defaultConfigurationName = Release;
		};
		D78E566C285F65250076BE5D /* Build configuration list for PBXNativeTarget "CP Ink Selector" */ = {
			isa = XCConfigurationList;
			buildConfigurations = (
				D78E566D285F65250076BE5D /* Debug */,
				D78E566E285F65250076BE5D /* Release */,
			);
			defaultConfigurationIsVisible = 0;
			defaultConfigurationName = Release;
		};
/* End XCConfigurationList section */
	};
	rootObject = D78E5656285F65230076BE5D /* Project object */;
}
